
Microsoft Visual Studio Solution File, Format Version 12.00
# Visual Studio Version 16
VisualStudioVersion = 16.0.30225.117
MinimumVisualStudioVersion = 10.0.40219.1
Project("{FAE04EC0-301F-11D3-BF4B-00C04F79EFBC}") = "ConsoleApp2", "ConsoleApp2.csproj", "{487B4242-8E85-42C2-99EB-505EEE8740E6}"
EndProject
Global
	GlobalSection(SolutionConfigurationPlatforms) = preSolution
		Debug|Any CPU = Debug|Any CPU
		Release|Any CPU = Release|Any CPU
	EndGlobalSection
	GlobalSection(ProjectConfigurationPlatforms) = postSolution
		{487B4242-8E85-42C2-99EB-505EEE8740E6}.Debug|Any CPU.ActiveCfg = Debug|Any CPU
		{487B4242-8E85-42C2-99EB-505EEE8740E6}.Debug|Any CPU.Build.0 = Debug|Any CPU
		{487B4242-8E85-42C2-99EB-505EEE8740E6}.Release|Any CPU.ActiveCfg = Release|Any CPU
		{487B4242-8E85-42C2-99EB-505EEE8740E6}.Release|Any CPU.Build.0 = Release|Any CPU
	EndGlobalSection
	GlobalSection(SolutionProperties) = preSolution
		HideSolutionNode = FALSE
	EndGlobalSection
	GlobalSection(ExtensibilityGlobals) = postSolution
		SolutionGuid = {49F5EC6C-44BF-4E25-A486-1DB80C522EE3}
	EndGlobalSection
EndGlobal
